dependencies:
- name: kube-prometheus-stack
  repository: https://prometheus-community.github.io/helm-charts
  version: 82.16.2
- name: loki
  repository: https://grafana.github.io/helm-charts
  version: 6.55.0
- name: promtail
  repository: https://grafana.github.io/helm-charts
  version: 6.17.1
- name: opentelemetry-collector
  repository: https://open-telemetry.github.io/opentelemetry-helm-charts
  version: 0.147.1
digest: sha256:12e7aa699b5fff11b6b2aa9cd6dbddc26db8911adaaa79b4c77bd1a63bec27a8
generated: "2026-04-03T16:13:40.920940169+02:00"
